
Microsoft Visual Studio Solution File, Format Version 12.00
# Visual Studio Version 17
VisualStudioVersion = 17.2.32616.157
MinimumVisualStudioVersion = 10.0.40219.1
Project("{FAE04EC0-301F-11D3-BF4B-00C04F79EFBC}") = "Namespace", "Namespace.csproj", "{48B4A6BB-4D3D-4737-AFDF-1DAB92B54F29}"
EndProject
Global
	GlobalSection(SolutionConfigurationPlatforms) = preSolution
		Debug|Any CPU = Debug|Any CPU
		Release|Any CPU = Release|Any CPU
	EndGlobalSection
	GlobalSection(ProjectConfigurationPlatforms) = postSolution
		{48B4A6BB-4D3D-4737-AFDF-1DAB92B54F29}.Debug|Any CPU.ActiveCfg = Debug|Any CPU
		{48B4A6BB-4D3D-4737-AFDF-1DAB92B54F29}.Debug|Any CPU.Build.0 = Debug|Any CPU
		{48B4A6BB-4D3D-4737-AFDF-1DAB92B54F29}.Release|Any CPU.ActiveCfg = Release|Any CPU
		{48B4A6BB-4D3D-4737-AFDF-1DAB92B54F29}.Release|Any CPU.Build.0 = Release|Any CPU
	EndGlobalSection
	GlobalSection(SolutionProperties) = preSolution
		HideSolutionNode = FALSE
	EndGlobalSection
	GlobalSection(ExtensibilityGlobals) = postSolution
		SolutionGuid = {AF80F154-6004-4E99-9660-C61F599B0088}
	EndGlobalSection
EndGlobal
